
Microsoft Visual Studio Solution File, Format Version 12.00
# Visual Studio Version 17
VisualStudioVersion = 17.0.31903.59
MinimumVisualStudioVersion = 10.0.40219.1
Project("{2150E333-8FDC-42A3-9474-1A3956D46DE8}") = "src", "src", "{B095478A-3107-422D-AD18-ECDE865E3342}"
EndProject
Project("{FAE04EC0-301F-11D3-BF4B-00C04F79EFBC}") = "Tests", "Tests\Tests.csproj", "{31D43D20-B700-41B0-9E03-82CF9E2D80B4}"
EndProject
Project("{FAE04EC0-301F-11D3-BF4B-00C04F79EFBC}") = "Exercises", "src\Exercises\Exercises.csproj", "{7529CE47-3F82-40D1-A96A-E65E6498FD09}"
EndProject
Global
	GlobalSection(SolutionConfigurationPlatforms) = preSolution
		Debug|Any CPU = Debug|Any CPU
		Release|Any CPU = Release|Any CPU
	EndGlobalSection
	GlobalSection(ProjectConfigurationPlatforms) = postSolution
		{31D43D20-B700-41B0-9E03-82CF9E2D80B4}.Debug|Any CPU.ActiveCfg = Debug|Any CPU
		{31D43D20-B700-41B0-9E03-82CF9E2D80B4}.Debug|Any CPU.Build.0 = Debug|Any CPU
		{31D43D20-B700-41B0-9E03-82CF9E2D80B4}.Release|Any CPU.ActiveCfg = Release|Any CPU
		{31D43D20-B700-41B0-9E03-82CF9E2D80B4}.Release|Any CPU.Build.0 = Release|Any CPU
		{7529CE47-3F82-40D1-A96A-E65E6498FD09}.Debug|Any CPU.ActiveCfg = Debug|Any CPU
		{7529CE47-3F82-40D1-A96A-E65E6498FD09}.Debug|Any CPU.Build.0 = Debug|Any CPU
		{7529CE47-3F82-40D1-A96A-E65E6498FD09}.Release|Any CPU.ActiveCfg = Release|Any CPU
		{7529CE47-3F82-40D1-A96A-E65E6498FD09}.Release|Any CPU.Build.0 = Release|Any CPU
	EndGlobalSection
	GlobalSection(SolutionProperties) = preSolution
		HideSolutionNode = FALSE
	EndGlobalSection
	GlobalSection(NestedProjects) = preSolution
		{7529CE47-3F82-40D1-A96A-E65E6498FD09} = {B095478A-3107-422D-AD18-ECDE865E3342}
	EndGlobalSection
	GlobalSection(ExtensibilityGlobals) = postSolution
		SolutionGuid = {638A3760-34DA-4E9E-8015-ACFA87EA2FBD}
	EndGlobalSection
EndGlobal
